
Microsoft Visual Studio Solution File, Format Version 12.00
# Visual Studio Version 17
VisualStudioVersion = 17.10.35122.118
MinimumVisualStudioVersion = 10.0.40219.1
Project("{FAE04EC0-301F-11D3-BF4B-00C04F79EFBC}") = "MovieAPI", "MovieAPI\MovieAPI.csproj", "{F859D4A0-061A-42E3-924E-4E7F39359EE1}"
EndProject
Global
	GlobalSection(SolutionConfigurationPlatforms) = preSolution
		Debug|Any CPU = Debug|Any CPU
		Release|Any CPU = Release|Any CPU
	EndGlobalSection
	GlobalSection(ProjectConfigurationPlatforms) = postSolution
		{F859D4A0-061A-42E3-924E-4E7F39359EE1}.Debug|Any CPU.ActiveCfg = Debug|Any CPU
		{F859D4A0-061A-42E3-924E-4E7F39359EE1}.Debug|Any CPU.Build.0 = Debug|Any CPU
		{F859D4A0-061A-42E3-924E-4E7F39359EE1}.Release|Any CPU.ActiveCfg = Release|Any CPU
		{F859D4A0-061A-42E3-924E-4E7F39359EE1}.Release|Any CPU.Build.0 = Release|Any CPU
	EndGlobalSection
	GlobalSection(SolutionProperties) = preSolution
		HideSolutionNode = FALSE
	EndGlobalSection
	GlobalSection(ExtensibilityGlobals) = postSolution
		SolutionGuid = {EEAD77DB-952A-4587-83CA-5FF8216936F3}
	EndGlobalSection
EndGlobal
